# This file is automatically @generated by Cargo.
# It is not intended for manual editing.
version = 4

[[package]]
name = "diskweave"
version = "0.1.0"

[[package]]
name = "dwv-codec"
version = "0.1.0"

[[package]]
name = "dwv-core"
version = "0.1.0"

[[package]]
name = "dwv-recovery"
version = "0.1.0"
dependencies = [
 "dwv-core",
 "dwv-store",
]

[[package]]
name = "dwv-recovery-sqlite"
version = "0.1.0"
dependencies = [
 "dwv-core",
 "dwv-recovery",
]

[[package]]
name = "dwv-sim"
version = "0.1.0"
dependencies = [
 "dwv-core",
 "dwv-store",
]

[[package]]
name = "dwv-store"
version = "0.1.0"
dependencies = [
 "dwv-core",
]

[[package]]
name = "dwv-store-file"
version = "0.1.0"
dependencies = [
 "dwv-core",
 "dwv-store",
]

[[package]]
name = "dwv-transaction-ref"
version = "0.1.0"
dependencies = [
 "dwv-core",
 "dwv-recovery",
 "dwv-sim",
 "dwv-store",
]
